
Microsoft Visual Studio Solution File, Format Version 12.00
# Visual Studio Version 16
VisualStudioVersion = 16.0.29613.14
MinimumVisualStudioVersion = 10.0.40219.1
Project("{2150E333-8FDC-42A3-9474-1A3956D46DE8}") = "Solution Items", "Solution Items", "{F0437E67-96AB-49E0-BD1E-61CD1D130ABE}"
	ProjectSection(SolutionItems) = preProject
		Directory.Build.props = Directory.Build.props
	EndProjectSection
EndProject
Project("{9A19103F-16F7-4668-BE54-9A1E7A4F7556}") = "MyControls", "Source\MyControls\MyControls.csproj", "{1BBCA8F6-BDCD-4548-9B04-CBA17BAAC6AC}"
EndProject
Project("{9A19103F-16F7-4668-BE54-9A1E7A4F7556}") = "MyApp", "Source\MyApp\MyApp.csproj", "{35AA90A4-E4DF-4C74-B306-58862538B760}"
EndProject
Project("{9A19103F-16F7-4668-BE54-9A1E7A4F7556}") = "MyApp.NetCore", "Source\Platforms\MyApp.NetCore\MyApp.NetCore.csproj", "{90FA62EC-CC91-4BBC-A801-F954B6404D04}"
EndProject
Project("{FAE04EC0-301F-11D3-BF4B-00C04F79EFBC}") = "MyExternalControls", "external\1\2\3\MyExternalControls\MyExternalControls.csproj", "{BE676B7A-65D6-4880-BE70-BDAB4E019084}"
EndProject
Global
	GlobalSection(SolutionConfigurationPlatforms) = preSolution
		Debug|Any CPU = Debug|Any CPU
		Release|Any CPU = Release|Any CPU
	EndGlobalSection
	GlobalSection(ProjectConfigurationPlatforms) = postSolution
		{1BBCA8F6-BDCD-4548-9B04-CBA17BAAC6AC}.Debug|Any CPU.ActiveCfg = Debug|Any CPU
		{1BBCA8F6-BDCD-4548-9B04-CBA17BAAC6AC}.Debug|Any CPU.Build.0 = Debug|Any CPU
		{1BBCA8F6-BDCD-4548-9B04-CBA17BAAC6AC}.Release|Any CPU.ActiveCfg = Release|Any CPU
		{1BBCA8F6-BDCD-4548-9B04-CBA17BAAC6AC}.Release|Any CPU.Build.0 = Release|Any CPU
		{35AA90A4-E4DF-4C74-B306-58862538B760}.Debug|Any CPU.ActiveCfg = Debug|Any CPU
		{35AA90A4-E4DF-4C74-B306-58862538B760}.Debug|Any CPU.Build.0 = Debug|Any CPU
		{35AA90A4-E4DF-4C74-B306-58862538B760}.Release|Any CPU.ActiveCfg = Release|Any CPU
		{35AA90A4-E4DF-4C74-B306-58862538B760}.Release|Any CPU.Build.0 = Release|Any CPU
		{90FA62EC-CC91-4BBC-A801-F954B6404D04}.Debug|Any CPU.ActiveCfg = Debug|Any CPU
		{90FA62EC-CC91-4BBC-A801-F954B6404D04}.Debug|Any CPU.Build.0 = Debug|Any CPU
		{90FA62EC-CC91-4BBC-A801-F954B6404D04}.Release|Any CPU.ActiveCfg = Release|Any CPU
		{90FA62EC-CC91-4BBC-A801-F954B6404D04}.Release|Any CPU.Build.0 = Release|Any CPU
		{BE676B7A-65D6-4880-BE70-BDAB4E019084}.Debug|Any CPU.ActiveCfg = Debug|Any CPU
		{BE676B7A-65D6-4880-BE70-BDAB4E019084}.Debug|Any CPU.Build.0 = Debug|Any CPU
		{BE676B7A-65D6-4880-BE70-BDAB4E019084}.Release|Any CPU.ActiveCfg = Release|Any CPU
		{BE676B7A-65D6-4880-BE70-BDAB4E019084}.Release|Any CPU.Build.0 = Release|Any CPU
	EndGlobalSection
	GlobalSection(SolutionProperties) = preSolution
		HideSolutionNode = FALSE
	EndGlobalSection
	GlobalSection(ExtensibilityGlobals) = postSolution
		SolutionGuid = {F40F6127-2167-45CA-85AE-4E3CB0F1AF7A}
	EndGlobalSection
EndGlobal
